
Microsoft Visual Studio Solution File, Format Version 12.00
# Visual Studio Version 16
VisualStudioVersion = 16.0.32106.194
MinimumVisualStudioVersion = 10.0.40219.1
Project("{FAE04EC0-301F-11D3-BF4B-00C04F79EFBC}") = "PersonalityTest", "PersonalityTest\PersonalityTest.csproj", "{45490DCC-7ABF-44A8-99ED-87D97AF1D16A}"
EndProject
Project("{FAE04EC0-301F-11D3-BF4B-00C04F79EFBC}") = "PersonalityTestSwitch", "PersonalityTestSwitch\PersonalityTestSwitch.csproj", "{C0C92FF3-9B62-4D45-9392-7DFCF21C3D05}"
EndProject
Project("{FAE04EC0-301F-11D3-BF4B-00C04F79EFBC}") = "GratingIF", "GratingIF\GratingIF.csproj", "{A1B3DD02-6BA4-48C1-8FD4-4627D3CF29C2}"
EndProject
Project("{FAE04EC0-301F-11D3-BF4B-00C04F79EFBC}") = "GratingSwitch", "GratingSwitch\GratingSwitch.csproj", "{F231E771-3C5F-48DD-8375-35521047F6CC}"
EndProject
Project("{FAE04EC0-301F-11D3-BF4B-00C04F79EFBC}") = "CatsOrDogs", "CatsOrDogs\CatsOrDogs.csproj", "{C1E28527-AEEE-4E44-9FCC-1F8ED7F7220B}"
EndProject
Global
	GlobalSection(SolutionConfigurationPlatforms) = preSolution
		Debug|Any CPU = Debug|Any CPU
		Release|Any CPU = Release|Any CPU
	EndGlobalSection
	GlobalSection(ProjectConfigurationPlatforms) = postSolution
		{45490DCC-7ABF-44A8-99ED-87D97AF1D16A}.Debug|Any CPU.ActiveCfg = Debug|Any CPU
		{45490DCC-7ABF-44A8-99ED-87D97AF1D16A}.Debug|Any CPU.Build.0 = Debug|Any CPU
		{45490DCC-7ABF-44A8-99ED-87D97AF1D16A}.Release|Any CPU.ActiveCfg = Release|Any CPU
		{45490DCC-7ABF-44A8-99ED-87D97AF1D16A}.Release|Any CPU.Build.0 = Release|Any CPU
		{C0C92FF3-9B62-4D45-9392-7DFCF21C3D05}.Debug|Any CPU.ActiveCfg = Debug|Any CPU
		{C0C92FF3-9B62-4D45-9392-7DFCF21C3D05}.Debug|Any CPU.Build.0 = Debug|Any CPU
		{C0C92FF3-9B62-4D45-9392-7DFCF21C3D05}.Release|Any CPU.ActiveCfg = Release|Any CPU
		{C0C92FF3-9B62-4D45-9392-7DFCF21C3D05}.Release|Any CPU.Build.0 = Release|Any CPU
		{A1B3DD02-6BA4-48C1-8FD4-4627D3CF29C2}.Debug|Any CPU.ActiveCfg = Debug|Any CPU
		{A1B3DD02-6BA4-48C1-8FD4-4627D3CF29C2}.Debug|Any CPU.Build.0 = Debug|Any CPU
		{A1B3DD02-6BA4-48C1-8FD4-4627D3CF29C2}.Release|Any CPU.ActiveCfg = Release|Any CPU
		{A1B3DD02-6BA4-48C1-8FD4-4627D3CF29C2}.Release|Any CPU.Build.0 = Release|Any CPU
		{F231E771-3C5F-48DD-8375-35521047F6CC}.Debug|Any CPU.ActiveCfg = Debug|Any CPU
		{F231E771-3C5F-48DD-8375-35521047F6CC}.Debug|Any CPU.Build.0 = Debug|Any CPU
		{F231E771-3C5F-48DD-8375-35521047F6CC}.Release|Any CPU.ActiveCfg = Release|Any CPU
		{F231E771-3C5F-48DD-8375-35521047F6CC}.Release|Any CPU.Build.0 = Release|Any CPU
		{C1E28527-AEEE-4E44-9FCC-1F8ED7F7220B}.Debug|Any CPU.ActiveCfg = Debug|Any CPU
		{C1E28527-AEEE-4E44-9FCC-1F8ED7F7220B}.Debug|Any CPU.Build.0 = Debug|Any CPU
		{C1E28527-AEEE-4E44-9FCC-1F8ED7F7220B}.Release|Any CPU.ActiveCfg = Release|Any CPU
		{C1E28527-AEEE-4E44-9FCC-1F8ED7F7220B}.Release|Any CPU.Build.0 = Release|Any CPU
	EndGlobalSection
	GlobalSection(SolutionProperties) = preSolution
		HideSolutionNode = FALSE
	EndGlobalSection
	GlobalSection(ExtensibilityGlobals) = postSolution
		SolutionGuid = {54453BC7-E670-4B3B-9E33-50C81203C3B1}
	EndGlobalSection
EndGlobal
